
Microsoft Visual Studio Solution File, Format Version 12.00
# Visual Studio Version 16
VisualStudioVersion = 16.0.31702.278
MinimumVisualStudioVersion = 10.0.40219.1
Project("{8BC9CEB8-8B4A-11D0-8D11-00A0C91BC942}") = "Dissertation", "Dissertation\Dissertation.vcxproj", "{D0F0134A-8061-400E-900E-770E5570CB10}"
EndProject
Global
	GlobalSection(SolutionConfigurationPlatforms) = preSolution
		Debug|x64 = Debug|x64
		Debug|x86 = Debug|x86
		Release|x64 = Release|x64
		Release|x86 = Release|x86
		ver-0.1|x64 = ver-0.1|x64
		ver-0.1|x86 = ver-0.1|x86
	EndGlobalSection
	GlobalSection(ProjectConfigurationPlatforms) = postSolution
		{D0F0134A-8061-400E-900E-770E5570CB10}.Debug|x64.ActiveCfg = Debug|x64
		{D0F0134A-8061-400E-900E-770E5570CB10}.Debug|x64.Build.0 = Debug|x64
		{D0F0134A-8061-400E-900E-770E5570CB10}.Debug|x86.ActiveCfg = Debug|Win32
		{D0F0134A-8061-400E-900E-770E5570CB10}.Debug|x86.Build.0 = Debug|Win32
		{D0F0134A-8061-400E-900E-770E5570CB10}.Release|x64.ActiveCfg = Release|x64
		{D0F0134A-8061-400E-900E-770E5570CB10}.Release|x64.Build.0 = Release|x64
		{D0F0134A-8061-400E-900E-770E5570CB10}.Release|x86.ActiveCfg = Release|Win32
		{D0F0134A-8061-400E-900E-770E5570CB10}.Release|x86.Build.0 = Release|Win32
		{D0F0134A-8061-400E-900E-770E5570CB10}.ver-0.1|x64.ActiveCfg = Debug|x64
		{D0F0134A-8061-400E-900E-770E5570CB10}.ver-0.1|x64.Build.0 = Debug|x64
		{D0F0134A-8061-400E-900E-770E5570CB10}.ver-0.1|x86.ActiveCfg = ver-0.1|Win32
		{D0F0134A-8061-400E-900E-770E5570CB10}.ver-0.1|x86.Build.0 = ver-0.1|Win32
	EndGlobalSection
	GlobalSection(SolutionProperties) = preSolution
		HideSolutionNode = FALSE
	EndGlobalSection
	GlobalSection(ExtensibilityGlobals) = postSolution
		SolutionGuid = {11F0D8AD-AA5F-4F93-A829-D86D0B53121D}
	EndGlobalSection
EndGlobal
